
Microsoft Visual Studio Solution File, Format Version 12.00
# Visual Studio Version 17
VisualStudioVersion = 17.5.33530.505
MinimumVisualStudioVersion = 10.0.40219.1
Project("{9A19103F-16F7-4668-BE54-9A1E7A4F7556}") = "Identity API", "Identity API\Identity API.csproj", "{E80DC65C-3147-4804-BF70-5E9941F601BB}"
EndProject
Project("{9A19103F-16F7-4668-BE54-9A1E7A4F7556}") = "IdentityBase", "IdentityBase\IdentityBase.csproj", "{39ECD45F-EC3B-4B91-B14D-6CF19433B346}"
EndProject
Project("{9A19103F-16F7-4668-BE54-9A1E7A4F7556}") = "ChatApi", "ChatApi\ChatApi.csproj", "{82A8C595-9A00-4D8B-98E8-5B076ACBF95A}"
EndProject
Project("{9A19103F-16F7-4668-BE54-9A1E7A4F7556}") = "ChatCore1", "ChatCore1\ChatCore1.csproj", "{3EAE8251-44FE-48B0-9765-9384C3E1BD53}"
EndProject
Global
	GlobalSection(SolutionConfigurationPlatforms) = preSolution
		Debug|Any CPU = Debug|Any CPU
		Release|Any CPU = Release|Any CPU
	EndGlobalSection
	GlobalSection(ProjectConfigurationPlatforms) = postSolution
		{E80DC65C-3147-4804-BF70-5E9941F601BB}.Debug|Any CPU.ActiveCfg = Debug|Any CPU
		{E80DC65C-3147-4804-BF70-5E9941F601BB}.Debug|Any CPU.Build.0 = Debug|Any CPU
		{E80DC65C-3147-4804-BF70-5E9941F601BB}.Release|Any CPU.ActiveCfg = Release|Any CPU
		{E80DC65C-3147-4804-BF70-5E9941F601BB}.Release|Any CPU.Build.0 = Release|Any CPU
		{39ECD45F-EC3B-4B91-B14D-6CF19433B346}.Debug|Any CPU.ActiveCfg = Debug|Any CPU
		{39ECD45F-EC3B-4B91-B14D-6CF19433B346}.Debug|Any CPU.Build.0 = Debug|Any CPU
		{39ECD45F-EC3B-4B91-B14D-6CF19433B346}.Release|Any CPU.ActiveCfg = Release|Any CPU
		{39ECD45F-EC3B-4B91-B14D-6CF19433B346}.Release|Any CPU.Build.0 = Release|Any CPU
		{82A8C595-9A00-4D8B-98E8-5B076ACBF95A}.Debug|Any CPU.ActiveCfg = Debug|Any CPU
		{82A8C595-9A00-4D8B-98E8-5B076ACBF95A}.Debug|Any CPU.Build.0 = Debug|Any CPU
		{82A8C595-9A00-4D8B-98E8-5B076ACBF95A}.Release|Any CPU.ActiveCfg = Release|Any CPU
		{82A8C595-9A00-4D8B-98E8-5B076ACBF95A}.Release|Any CPU.Build.0 = Release|Any CPU
		{3EAE8251-44FE-48B0-9765-9384C3E1BD53}.Debug|Any CPU.ActiveCfg = Debug|Any CPU
		{3EAE8251-44FE-48B0-9765-9384C3E1BD53}.Debug|Any CPU.Build.0 = Debug|Any CPU
		{3EAE8251-44FE-48B0-9765-9384C3E1BD53}.Release|Any CPU.ActiveCfg = Release|Any CPU
		{3EAE8251-44FE-48B0-9765-9384C3E1BD53}.Release|Any CPU.Build.0 = Release|Any CPU
	EndGlobalSection
	GlobalSection(SolutionProperties) = preSolution
		HideSolutionNode = FALSE
	EndGlobalSection
	GlobalSection(ExtensibilityGlobals) = postSolution
		SolutionGuid = {14531A26-938E-43A5-939A-6EF888402EF5}
	EndGlobalSection
EndGlobal
